
Microsoft Visual Studio Solution File, Format Version 12.00
# Visual Studio Version 17
VisualStudioVersion = 17.8.34309.116
MinimumVisualStudioVersion = 10.0.40219.1
Project("{FAE04EC0-301F-11D3-BF4B-00C04F79EFBC}") = "IniFile", "IniFile\IniFile.csproj", "{308F3154-5C82-46CF-848A-AF519ED15472}"
EndProject
Global
	GlobalSection(SolutionConfigurationPlatforms) = preSolution
		Debug|Any CPU = Debug|Any CPU
		Release|Any CPU = Release|Any CPU
	EndGlobalSection
	GlobalSection(ProjectConfigurationPlatforms) = postSolution
		{308F3154-5C82-46CF-848A-AF519ED15472}.Debug|Any CPU.ActiveCfg = Debug|Any CPU
		{308F3154-5C82-46CF-848A-AF519ED15472}.Debug|Any CPU.Build.0 = Debug|Any CPU
		{308F3154-5C82-46CF-848A-AF519ED15472}.Release|Any CPU.ActiveCfg = Release|Any CPU
		{308F3154-5C82-46CF-848A-AF519ED15472}.Release|Any CPU.Build.0 = Release|Any CPU
	EndGlobalSection
	GlobalSection(SolutionProperties) = preSolution
		HideSolutionNode = FALSE
	EndGlobalSection
	GlobalSection(ExtensibilityGlobals) = postSolution
		SolutionGuid = {6C9C7A40-EA2A-4B7E-98B5-CC93DFF38434}
	EndGlobalSection
EndGlobal
